PODS:
  - Flutter (1.0.0)
  - flutter_scan_bluetooth (0.0.1):
    - Flutter

DEPENDENCIES:
  - Flutter (from `Flutter`)
  - flutter_scan_bluetooth (from `.symlinks/plugins/flutter_scan_bluetooth/ios`)

EXTERNAL SOURCES:
  Flutter:
    :path: Flutter
  flutter_scan_bluetooth:
    :path: ".symlinks/plugins/flutter_scan_bluetooth/ios"

SPEC CHECKSUMS:
  Flutter: 434fef37c0980e73bb6479ef766c45957d4b510c
  flutter_scan_bluetooth: b67b0b1bc37f79f2f2ed46463ad49bf74cfd5975

PODFILE CHECKSUM: aafe91acc616949ddb318b77800a7f51bffa2a4c

COCOAPODS: 1.10.1
