PODS:
  - Flutter (1.0.0)
  - flutter_scan_bluetooth (0.0.1):
    - Flutter

DEPENDENCIES:
  - Flutter (from `.symlinks/flutter/ios`)
  - flutter_scan_bluetooth (from `.symlinks/plugins/flutter_scan_bluetooth/ios`)

EXTERNAL SOURCES:
  Flutter:
    :path: ".symlinks/flutter/ios"
  flutter_scan_bluetooth:
    :path: ".symlinks/plugins/flutter_scan_bluetooth/ios"

SPEC CHECKSUMS:
  Flutter: 9d0fac939486c9aba2809b7982dfdbb47a7b0296
  flutter_scan_bluetooth: e3a2bda561401e7dbfb53468cdbed0e1ea4a8245

PODFILE CHECKSUM: ec81a62fe73c7b29f2764dd3fe8c221958ac6739

COCOAPODS: 1.5.3
