PODS:
  - Flutter (1.0.0)
  - flutter_scan_bluetooth (0.0.1):
    - Flutter

DEPENDENCIES:
  - Flutter (from `.symlinks/flutter/ios`)
  - flutter_scan_bluetooth (from `.symlinks/plugins/flutter_scan_bluetooth/ios`)

EXTERNAL SOURCES:
  Flutter:
    :path: ".symlinks/flutter/ios"
  flutter_scan_bluetooth:
    :path: ".symlinks/plugins/flutter_scan_bluetooth/ios"

SPEC CHECKSUMS:
  Flutter: 0e3d915762c693b495b44d77113d4970485de6ec
  flutter_scan_bluetooth: b67b0b1bc37f79f2f2ed46463ad49bf74cfd5975

PODFILE CHECKSUM: ec81a62fe73c7b29f2764dd3fe8c221958ac6739

COCOAPODS: 1.10.1
